
Microsoft Visual Studio Solution File, Format Version 12.00
# Visual Studio Version 17
VisualStudioVersion = 17.14.36310.24
MinimumVisualStudioVersion = 10.0.40219.1
Project("{FAE04EC0-301F-11D3-BF4B-00C04F79EFBC}") = "Task_Day_4", "Task_Day_4\Task_Day_4.csproj", "{04FD7F31-9945-4F65-8187-418B8FEC1F64}"
EndProject
Project("{FAE04EC0-301F-11D3-BF4B-00C04F79EFBC}") = "Task_Day_5", "Day_5\Task_Day_5.csproj", "{08108F25-8D55-4493-8B5A-53BB676C0DDA}"
EndProject
Global
	GlobalSection(SolutionConfigurationPlatforms) = preSolution
		Debug|Any CPU = Debug|Any CPU
		Release|Any CPU = Release|Any CPU
	EndGlobalSection
	GlobalSection(ProjectConfigurationPlatforms) = postSolution
		{04FD7F31-9945-4F65-8187-418B8FEC1F64}.Debug|Any CPU.ActiveCfg = Debug|Any CPU
		{04FD7F31-9945-4F65-8187-418B8FEC1F64}.Debug|Any CPU.Build.0 = Debug|Any CPU
		{04FD7F31-9945-4F65-8187-418B8FEC1F64}.Release|Any CPU.ActiveCfg = Release|Any CPU
		{04FD7F31-9945-4F65-8187-418B8FEC1F64}.Release|Any CPU.Build.0 = Release|Any CPU
		{08108F25-8D55-4493-8B5A-53BB676C0DDA}.Debug|Any CPU.ActiveCfg = Debug|Any CPU
		{08108F25-8D55-4493-8B5A-53BB676C0DDA}.Debug|Any CPU.Build.0 = Debug|Any CPU
		{08108F25-8D55-4493-8B5A-53BB676C0DDA}.Release|Any CPU.ActiveCfg = Release|Any CPU
		{08108F25-8D55-4493-8B5A-53BB676C0DDA}.Release|Any CPU.Build.0 = Release|Any CPU
	EndGlobalSection
	GlobalSection(SolutionProperties) = preSolution
		HideSolutionNode = FALSE
	EndGlobalSection
	GlobalSection(ExtensibilityGlobals) = postSolution
		SolutionGuid = {2D29DFFF-EC91-4FE6-B1B5-5E814937FBC3}
	EndGlobalSection
EndGlobal
